
Microsoft Visual Studio Solution File, Format Version 12.00
Project("{FAE04EC0-301F-11D3-BF4B-00C04F79EFBC}") = "HW1", "HW1\HW1.csproj", "{A99A249E-65BB-43BB-801D-8D40DF970464}"
EndProject
Project("{FAE04EC0-301F-11D3-BF4B-00C04F79EFBC}") = "HW2", "HW2\HW2.csproj", "{BBFF6F39-708B-41AE-AAC8-24A62B735570}"
EndProject
Project("{FAE04EC0-301F-11D3-BF4B-00C04F79EFBC}") = "HW3", "HW3\HW3.csproj", "{D5BB5E6A-E277-420A-88A5-1897EB3EA668}"
EndProject
Global
	GlobalSection(SolutionConfigurationPlatforms) = preSolution
		Debug|Any CPU = Debug|Any CPU
		Release|Any CPU = Release|Any CPU
	EndGlobalSection
	GlobalSection(ProjectConfigurationPlatforms) = postSolution
		{A99A249E-65BB-43BB-801D-8D40DF970464}.Debug|Any CPU.ActiveCfg = Debug|Any CPU
		{A99A249E-65BB-43BB-801D-8D40DF970464}.Debug|Any CPU.Build.0 = Debug|Any CPU
		{A99A249E-65BB-43BB-801D-8D40DF970464}.Release|Any CPU.ActiveCfg = Release|Any CPU
		{A99A249E-65BB-43BB-801D-8D40DF970464}.Release|Any CPU.Build.0 = Release|Any CPU
		{BBFF6F39-708B-41AE-AAC8-24A62B735570}.Debug|Any CPU.ActiveCfg = Debug|Any CPU
		{BBFF6F39-708B-41AE-AAC8-24A62B735570}.Debug|Any CPU.Build.0 = Debug|Any CPU
		{BBFF6F39-708B-41AE-AAC8-24A62B735570}.Release|Any CPU.ActiveCfg = Release|Any CPU
		{BBFF6F39-708B-41AE-AAC8-24A62B735570}.Release|Any CPU.Build.0 = Release|Any CPU
		{D5BB5E6A-E277-420A-88A5-1897EB3EA668}.Debug|Any CPU.ActiveCfg = Debug|Any CPU
		{D5BB5E6A-E277-420A-88A5-1897EB3EA668}.Debug|Any CPU.Build.0 = Debug|Any CPU
		{D5BB5E6A-E277-420A-88A5-1897EB3EA668}.Release|Any CPU.ActiveCfg = Release|Any CPU
		{D5BB5E6A-E277-420A-88A5-1897EB3EA668}.Release|Any CPU.Build.0 = Release|Any CPU
	EndGlobalSection
EndGlobal
